
Microsoft Visual Studio Solution File, Format Version 12.00
# Visual Studio Version 16
VisualStudioVersion = 16.0.32428.217
MinimumVisualStudioVersion = 10.0.40219.1
Project("{9A19103F-16F7-4668-BE54-9A1E7A4F7556}") = "WebAppDB", "WebAppDB\WebAppDB.csproj", "{EAD05336-DDA4-4FA3-8A0A-DAEE3DE75569}"
EndProject
Global
	GlobalSection(SolutionConfigurationPlatforms) = preSolution
		Debug|Any CPU = Debug|Any CPU
		Release|Any CPU = Release|Any CPU
	EndGlobalSection
	GlobalSection(ProjectConfigurationPlatforms) = postSolution
		{EAD05336-DDA4-4FA3-8A0A-DAEE3DE75569}.Debug|Any CPU.ActiveCfg = Debug|Any CPU
		{EAD05336-DDA4-4FA3-8A0A-DAEE3DE75569}.Debug|Any CPU.Build.0 = Debug|Any CPU
		{EAD05336-DDA4-4FA3-8A0A-DAEE3DE75569}.Release|Any CPU.ActiveCfg = Release|Any CPU
		{EAD05336-DDA4-4FA3-8A0A-DAEE3DE75569}.Release|Any CPU.Build.0 = Release|Any CPU
	EndGlobalSection
	GlobalSection(SolutionProperties) = preSolution
		HideSolutionNode = FALSE
	EndGlobalSection
	GlobalSection(ExtensibilityGlobals) = postSolution
		SolutionGuid = {F87AF9F2-7BB4-43C6-8797-FEFB905CBAAF}
	EndGlobalSection
EndGlobal
